
Microsoft Visual Studio Solution File, Format Version 12.00
Project("{2150E333-8FDC-42A3-9474-1A3956D46DE8}") = "API", "API", "{29C4595D-83AC-48F2-A21B-1681C4B707E1}"
EndProject
Project("{2150E333-8FDC-42A3-9474-1A3956D46DE8}") = "Tests", "Tests", "{8F142FF8-C709-4D11-ABB0-CF1E267898CE}"
EndProject
Project("{FAE04EC0-301F-11D3-BF4B-00C04F79EFBC}") = "WebApp", "API\WebApp\WebApp.csproj", "{AB290AAE-7F31-4C86-9A45-3D0016257440}"
EndProject
Project("{FAE04EC0-301F-11D3-BF4B-00C04F79EFBC}") = "Application", "API\Application\Application.csproj", "{18007E16-6ED0-4C4A-B57C-4F4A49417F32}"
EndProject
Project("{FAE04EC0-301F-11D3-BF4B-00C04F79EFBC}") = "Domain", "API\Domain\Domain.csproj", "{1C1D3C20-D0DD-440F-8409-69F4F4C33F83}"
EndProject
Project("{FAE04EC0-301F-11D3-BF4B-00C04F79EFBC}") = "Infrastructure", "API\Infrastructure\Infrastructure.csproj", "{F59491EB-DAFE-4B41-912B-F87DB33C82D4}"
EndProject
Global
	GlobalSection(SolutionConfigurationPlatforms) = preSolution
		Debug|Any CPU = Debug|Any CPU
		Release|Any CPU = Release|Any CPU
	EndGlobalSection
	GlobalSection(NestedProjects) = preSolution
		{AB290AAE-7F31-4C86-9A45-3D0016257440} = {29C4595D-83AC-48F2-A21B-1681C4B707E1}
		{18007E16-6ED0-4C4A-B57C-4F4A49417F32} = {29C4595D-83AC-48F2-A21B-1681C4B707E1}
		{1C1D3C20-D0DD-440F-8409-69F4F4C33F83} = {29C4595D-83AC-48F2-A21B-1681C4B707E1}
		{F59491EB-DAFE-4B41-912B-F87DB33C82D4} = {29C4595D-83AC-48F2-A21B-1681C4B707E1}
	EndGlobalSection
	GlobalSection(ProjectConfigurationPlatforms) = postSolution
		{AB290AAE-7F31-4C86-9A45-3D0016257440}.Debug|Any CPU.ActiveCfg = Debug|Any CPU
		{AB290AAE-7F31-4C86-9A45-3D0016257440}.Debug|Any CPU.Build.0 = Debug|Any CPU
		{AB290AAE-7F31-4C86-9A45-3D0016257440}.Release|Any CPU.ActiveCfg = Release|Any CPU
		{AB290AAE-7F31-4C86-9A45-3D0016257440}.Release|Any CPU.Build.0 = Release|Any CPU
		{18007E16-6ED0-4C4A-B57C-4F4A49417F32}.Debug|Any CPU.ActiveCfg = Debug|Any CPU
		{18007E16-6ED0-4C4A-B57C-4F4A49417F32}.Debug|Any CPU.Build.0 = Debug|Any CPU
		{18007E16-6ED0-4C4A-B57C-4F4A49417F32}.Release|Any CPU.ActiveCfg = Release|Any CPU
		{18007E16-6ED0-4C4A-B57C-4F4A49417F32}.Release|Any CPU.Build.0 = Release|Any CPU
		{1C1D3C20-D0DD-440F-8409-69F4F4C33F83}.Debug|Any CPU.ActiveCfg = Debug|Any CPU
		{1C1D3C20-D0DD-440F-8409-69F4F4C33F83}.Debug|Any CPU.Build.0 = Debug|Any CPU
		{1C1D3C20-D0DD-440F-8409-69F4F4C33F83}.Release|Any CPU.ActiveCfg = Release|Any CPU
		{1C1D3C20-D0DD-440F-8409-69F4F4C33F83}.Release|Any CPU.Build.0 = Release|Any CPU
		{F59491EB-DAFE-4B41-912B-F87DB33C82D4}.Debug|Any CPU.ActiveCfg = Debug|Any CPU
		{F59491EB-DAFE-4B41-912B-F87DB33C82D4}.Debug|Any CPU.Build.0 = Debug|Any CPU
		{F59491EB-DAFE-4B41-912B-F87DB33C82D4}.Release|Any CPU.ActiveCfg = Release|Any CPU
		{F59491EB-DAFE-4B41-912B-F87DB33C82D4}.Release|Any CPU.Build.0 = Release|Any CPU
	EndGlobalSection
EndGlobal
