
Microsoft Visual Studio Solution File, Format Version 12.00
# Visual Studio Version 17
VisualStudioVersion = 17.7.34031.279
MinimumVisualStudioVersion = 10.0.40219.1
Project("{2150E333-8FDC-42A3-9474-1A3956D46DE8}") = "API", "API", "{29C4595D-83AC-48F2-A21B-1681C4B707E1}"
EndProject
Project("{2150E333-8FDC-42A3-9474-1A3956D46DE8}") = "Tests", "Tests", "{8F142FF8-C709-4D11-ABB0-CF1E267898CE}"
EndProject
Project("{9A19103F-16F7-4668-BE54-9A1E7A4F7556}") = "UniIdentity.WebApp", "API\UniIdentity.WebApp\UniIdentity.WebApp.csproj", "{C66EC036-EB97-4784-90A8-0B6A007CC74B}"
EndProject
Project("{9A19103F-16F7-4668-BE54-9A1E7A4F7556}") = "UniIdentity.Application", "API\UniIdentity.Application\UniIdentity.Application.csproj", "{788B0708-F2EF-4BB9-BFF1-B34CCD39C73A}"
EndProject
Project("{9A19103F-16F7-4668-BE54-9A1E7A4F7556}") = "UniIdentity.Domain", "API\UniIdentity.Domain\UniIdentity.Domain.csproj", "{94CDBEDD-9868-4239-AA00-462F8901C5BD}"
EndProject
Project("{9A19103F-16F7-4668-BE54-9A1E7A4F7556}") = "UniIdentity.Infrastructure", "API\UniIdentity.Infrastructure\UniIdentity.Infrastructure.csproj", "{83AA1D5E-1C2B-442F-9785-8AF45D9CFC11}"
EndProject
Project("{E53339B2-1760-4266-BCC7-CA923CBCF16C}") = "docker-compose", "docker-compose.dcproj", "{74844836-9D60-469B-AE4D-771D6A94A2B1}"
EndProject
Global
	GlobalSection(SolutionConfigurationPlatforms) = preSolution
		Debug|Any CPU = Debug|Any CPU
		Release|Any CPU = Release|Any CPU
	EndGlobalSection
	GlobalSection(ProjectConfigurationPlatforms) = postSolution
		{C66EC036-EB97-4784-90A8-0B6A007CC74B}.Debug|Any CPU.ActiveCfg = Debug|Any CPU
		{C66EC036-EB97-4784-90A8-0B6A007CC74B}.Debug|Any CPU.Build.0 = Debug|Any CPU
		{C66EC036-EB97-4784-90A8-0B6A007CC74B}.Release|Any CPU.ActiveCfg = Release|Any CPU
		{C66EC036-EB97-4784-90A8-0B6A007CC74B}.Release|Any CPU.Build.0 = Release|Any CPU
		{788B0708-F2EF-4BB9-BFF1-B34CCD39C73A}.Debug|Any CPU.ActiveCfg = Debug|Any CPU
		{788B0708-F2EF-4BB9-BFF1-B34CCD39C73A}.Debug|Any CPU.Build.0 = Debug|Any CPU
		{788B0708-F2EF-4BB9-BFF1-B34CCD39C73A}.Release|Any CPU.ActiveCfg = Release|Any CPU
		{788B0708-F2EF-4BB9-BFF1-B34CCD39C73A}.Release|Any CPU.Build.0 = Release|Any CPU
		{94CDBEDD-9868-4239-AA00-462F8901C5BD}.Debug|Any CPU.ActiveCfg = Debug|Any CPU
		{94CDBEDD-9868-4239-AA00-462F8901C5BD}.Debug|Any CPU.Build.0 = Debug|Any CPU
		{94CDBEDD-9868-4239-AA00-462F8901C5BD}.Release|Any CPU.ActiveCfg = Release|Any CPU
		{94CDBEDD-9868-4239-AA00-462F8901C5BD}.Release|Any CPU.Build.0 = Release|Any CPU
		{83AA1D5E-1C2B-442F-9785-8AF45D9CFC11}.Debug|Any CPU.ActiveCfg = Debug|Any CPU
		{83AA1D5E-1C2B-442F-9785-8AF45D9CFC11}.Debug|Any CPU.Build.0 = Debug|Any CPU
		{83AA1D5E-1C2B-442F-9785-8AF45D9CFC11}.Release|Any CPU.ActiveCfg = Release|Any CPU
		{83AA1D5E-1C2B-442F-9785-8AF45D9CFC11}.Release|Any CPU.Build.0 = Release|Any CPU
		{74844836-9D60-469B-AE4D-771D6A94A2B1}.Debug|Any CPU.ActiveCfg = Debug|Any CPU
		{74844836-9D60-469B-AE4D-771D6A94A2B1}.Debug|Any CPU.Build.0 = Debug|Any CPU
		{74844836-9D60-469B-AE4D-771D6A94A2B1}.Release|Any CPU.ActiveCfg = Release|Any CPU
		{74844836-9D60-469B-AE4D-771D6A94A2B1}.Release|Any CPU.Build.0 = Release|Any CPU
	EndGlobalSection
	GlobalSection(SolutionProperties) = preSolution
		HideSolutionNode = FALSE
	EndGlobalSection
	GlobalSection(NestedProjects) = preSolution
		{C66EC036-EB97-4784-90A8-0B6A007CC74B} = {29C4595D-83AC-48F2-A21B-1681C4B707E1}
		{788B0708-F2EF-4BB9-BFF1-B34CCD39C73A} = {29C4595D-83AC-48F2-A21B-1681C4B707E1}
		{94CDBEDD-9868-4239-AA00-462F8901C5BD} = {29C4595D-83AC-48F2-A21B-1681C4B707E1}
		{83AA1D5E-1C2B-442F-9785-8AF45D9CFC11} = {29C4595D-83AC-48F2-A21B-1681C4B707E1}
	EndGlobalSection
EndGlobal
